// !$*UTF8*$!
{
	archiveVersion = 1;
	classes = {
	};
	objectVersion = 46;
	objects = {

/* Begin PBXBuildFile section */
		CD4BF91C1EAFC37B0054E940 /* AppDelegate.swift in Sources */ = {isa = PBXBuildFile; fileRef = CD4BF91B1EAFC37B0054E940 /* AppDelegate.swift */; };
		CD4BF91E1EAFC37B0054E940 /* ViewController.swift in Sources */ = {isa = PBXBuildFile; fileRef = CD4BF91D1EAFC37B0054E940 /* ViewController.swift */; };
		CD4BF9211EAFC37B0054E940 /* Main.storyboard in Resources */ = {isa = PBXBuildFile; fileRef = CD4BF91F1EAFC37B0054E940 /* Main.storyboard */; };
		CD4BF9231EAFC37B0054E940 /* Assets.xcassets in Resources */ = {isa = PBXBuildFile; fileRef = CD4BF9221EAFC37B0054E940 /* Assets.xcassets */; };
		CD4BF9261EAFC37B0054E940 /* LaunchScreen.storyboard in Resources */ = {isa = PBXBuildFile; fileRef = CD4BF9241EAFC37B0054E940 /* LaunchScreen.storyboard */; };
/* End PBXBuildFile section */

/* Begin PBXFileReference section */
		CD4BF9181EAFC37B0054E940 /* YouLift.app */ = {isa = PBXFileReference; explicitFileType = wrapper.application; includeInIndex = 0; path = YouLift.app; sourceTree = BUILT_PRODUCTS_DIR; };
		CD4BF91B1EAFC37B0054E940 /* AppDelegate.swift */ = {isa = PBXFileReference; lastKnownFileType = sourcecode.swift; path = AppDelegate.swift; sourceTree = "<group>"; };
		CD4BF91D1EAFC37B0054E940 /* ViewController.swift */ = {isa = PBXFileReference; lastKnownFileType = sourcecode.swift; path = ViewController.swift; sourceTree = "<group>"; };
		CD4BF9201EAFC37B0054E940 /* Base */ = {isa = PBXFileReference; lastKnownFileType = file.storyboard; name = Base; path = Base.lproj/Main.storyboard; sourceTree = "<group>"; };
		CD4BF9221EAFC37B0054E940 /* Assets.xcassets */ = {isa = PBXFileReference; lastKnownFileType = folder.assetcatalog; path = Assets.xcassets; sourceTree = "<group>"; };
		CD4BF9251EAFC37B0054E940 /* Base */ = {isa = PBXFileReference; lastKnownFileType = file.storyboard; name = Base; path = Base.lproj/LaunchScreen.storyboard; sourceTree = "<group>"; };
		CD4BF9271EAFC37B0054E940 /* Info.plist */ = {isa = PBXFileReference; lastKnownFileType = text.plist.xml; path = Info.plist; sourceTree = "<group>"; };
/* End PBXFileReference section */

/* Begin PBXFrameworksBuildPhase section */
		CD4BF9151EAFC37B0054E940 /* Frameworks */ = {
			isa = PBXFrameworksBuildPhase;
			buildActionMask = 2147483647;
			files = (
			);
			runOnlyForDeploymentPostprocessing = 0;
		};
/* End PBXFrameworksBuildPhase section */

/* Begin PBXGroup section */
		CD4BF90F1EAFC37B0054E940 = {
			isa = PBXGroup;
			children = (
				CD4BF91A1EAFC37B0054E940 /* YouLift */,
				CD4BF9191EAFC37B0054E940 /* Products */,
			);
			sourceTree = "<group>";
		};
		CD4BF9191EAFC37B0054E940 /* Products */ = {
			isa = PBXGroup;
			children = (
				CD4BF9181EAFC37B0054E940 /* YouLift.app */,
			);
			name = Products;
			sourceTree = "<group>";
		};
		CD4BF91A1EAFC37B0054E940 /* YouLift */ = {
			isa = PBXGroup;
			children = (
				CD4BF91B1EAFC37B0054E940 /* AppDelegate.swift */,
				CD4BF91D1EAFC37B0054E940 /* ViewController.swift */,
				CD4BF91F1EAFC37B0054E940 /* Main.storyboard */,
				CD4BF9221EAFC37B0054E940 /* Assets.xcassets */,
				CD4BF9241EAFC37B0054E940 /* LaunchScreen.storyboard */,
				CD4BF9271EAFC37B0054E940 /* Info.plist */,
			);
			path = YouLift;
			sourceTree = "<group>";
		};
/* End PBXGroup section */

/* Begin PBXNativeTarget section */
		CD4BF9171EAFC37B0054E940 /* YouLift */ = {
			isa = PBXNativeTarget;
			buildConfigurationList = CD4BF92A1EAFC37B0054E940 /* Build configuration list for PBXNativeTarget "YouLift" */;
			buildPhases = (
				CD4BF9141EAFC37B0054E940 /* Sources */,
				CD4BF9151EAFC37B0054E940 /* Frameworks */,
				CD4BF9161EAFC37B0054E940 /* Resources */,
			);
			buildRules = (
			);
			dependencies = (
			);
			name = YouLift;
			productName = YouLift;
			productReference = CD4BF9181EAFC37B0054E940 /* YouLift.app */;
			productType = "com.apple.product-type.application";
		};
/* End PBXNativeTarget section */

/* Begin PBXProject section */
		CD4BF9101EAFC37B0054E940 /* Project object */ = {
			isa = PBXProject;
			attributes = {
				LastSwiftUpdateCheck = 0820;
				LastUpgradeCheck = 0820;
				ORGANIZATIONNAME = rbuzby;
				TargetAttributes = {
					CD4BF9171EAFC37B0054E940 = {
						CreatedOnToolsVersion = 8.2.1;
						ProvisioningStyle = Automatic;
					};
				};
			};
			buildConfigurationList = CD4BF9131EAFC37B0054E940 /* Build configuration list for PBXProject "YouLift" */;
			compatibilityVersion = "Xcode 3.2";
			developmentRegion = English;
			hasScannedForEncodings = 0;
			knownRegions = (
				en,
				Base,
			);
			mainGroup = CD4BF90F1EAFC37B0054E940;
			productRefGroup = CD4BF9191EAFC37B0054E940 /* Products */;
			projectDirPath = "";
			projectRoot = "";
			targets = (
				CD4BF9171EAFC37B0054E940 /* YouLift */,
			);
		};
/* End PBXProject section */

/* Begin PBXResourcesBuildPhase section */
		CD4BF9161EAFC37B0054E940 /* Resources */ = {
			isa = PBXResourcesBuildPhase;
			buildActionMask = 2147483647;
			files = (
				CD4BF9261EAFC37B0054E940 /* LaunchScreen.storyboard in Resources */,
				CD4BF9231EAFC37B0054E940 /* Assets.xcassets in Resources */,
				CD4BF9211EAFC37B0054E940 /* Main.storyboard in Resources */,
			);
			runOnlyForDeploymentPostprocessing = 0;
		};
/* End PBXResourcesBuildPhase section */

/* Begin PBXSourcesBuildPhase section */
		CD4BF9141EAFC37B0054E940 /* Sources */ = {
			isa = PBXSourcesBuildPhase;
			buildActionMask = 2147483647;
			files = (
				CD4BF91E1EAFC37B0054E940 /* ViewController.swift in Sources */,
				CD4BF91C1EAFC37B0054E940 /* AppDelegate.swift in Sources */,
			);
			runOnlyForDeploymentPostprocessing = 0;
		};
/* End PBXSourcesBuildPhase section */

/* Begin PBXVariantGroup section */
		CD4BF91F1EAFC37B0054E940 /* Main.storyboard */ = {
			isa = PBXVariantGroup;
			children = (
				CD4BF9201EAFC37B0054E940 /* Base */,
			);
			name = Main.storyboard;
			sourceTree = "<group>";
		};
		CD4BF9241EAFC37B0054E940 /* LaunchScreen.storyboard */ = {
			isa = PBXVariantGroup;
			children = (
				CD4BF9251EAFC37B0054E940 /* Base */,
			);
			name = LaunchScreen.storyboard;
			sourceTree = "<group>";
		};
/* End PBXVariantGroup section */

/* Begin XCBuildConfiguration section */
		CD4BF9281EAFC37B0054E940 /* Debug */ = {
			isa = XCBuildConfiguration;
			buildSettings = {
				ALWAYS_SEARCH_USER_PATHS = NO;
				CLANG_ANALYZER_NONNULL = YES;
				CLANG_CXX_LANGUAGE_STANDARD = "gnu++0x";
				CLANG_CXX_LIBRARY = "libc++";
				CLANG_ENABLE_MODULES = YES;
				CLANG_ENABLE_OBJC_ARC = YES;
				CLANG_WARN_BOOL_CONVERSION = YES;
				CLANG_WARN_CONSTANT_CONVERSION = YES;
				CLANG_WARN_DIRECT_OBJC_ISA_USAGE = YES_ERROR;
				CLANG_WARN_DOCUMENTATION_COMMENTS = YES;
				CLANG_WARN_EMPTY_BODY = YES;
				CLANG_WARN_ENUM_CONVERSION = YES;
				CLANG_WARN_INFINITE_RECURSION = YES;
				CLANG_WARN_INT_CONVERSION = YES;
				CLANG_WARN_OBJC_ROOT_CLASS = YES_ERROR;
				CLANG_WARN_SUSPICIOUS_MOVE = YES;
				CLANG_WARN_UNREACHABLE_CODE = YES;
				CLANG_WARN__DUPLICATE_METHOD_MATCH = YES;
				"CODE_SIGN_IDENTITY[sdk=iphoneos*]" = "iPhone Developer";
				COPY_PHASE_STRIP = NO;
				DEBUG_INFORMATION_FORMAT = dwarf;
				ENABLE_STRICT_OBJC_MSGSEND = YES;
				ENABLE_TESTABILITY = YES;
				GCC_C_LANGUAGE_STANDARD = gnu99;
				GCC_DYNAMIC_NO_PIC = NO;
				GCC_NO_COMMON_BLOCKS = YES;
				GCC_OPTIMIZATION_LEVEL = 0;
				GCC_PREPROCESSOR_DEFINITIONS = (
					"DEBUG=1",
					"$(inherited)",
				);
				GCC_WARN_64_TO_32_BIT_CONVERSION = YES;
				GCC_WARN_ABOUT_RETURN_TYPE = YES_ERROR;
				GCC_WARN_UNDECLARED_SELECTOR = YES;
				GCC_WARN_UNINITIALIZED_AUTOS = YES_AGGRESSIVE;
				GCC_WARN_UNUSED_FUNCTION = YES;
				GCC_WARN_UNUSED_VARIABLE = YES;
				IPHONEOS_DEPLOYMENT_TARGET = 10.2;
				MTL_ENABLE_DEBUG_INFO = YES;
				ONLY_ACTIVE_ARCH = YES;
				SDKROOT = iphoneos;
				SWIFT_ACTIVE_COMPILATION_CONDITIONS = DEBUG;
				SWIFT_OPTIMIZATION_LEVEL = "-Onone";
				TARGETED_DEVICE_FAMILY = "1,2";
			};
			name = Debug;
		};
		CD4BF9291EAFC37B0054E940 /* Release */ = {
			isa = XCBuildConfiguration;
			buildSettings = {
				ALWAYS_SEARCH_USER_PATHS = NO;
				CLANG_ANALYZER_NONNULL = YES;
				CLANG_CXX_LANGUAGE_STANDARD = "gnu++0x";
				CLANG_CXX_LIBRARY = "libc++";
				CLANG_ENABLE_MODULES = YES;
				CLANG_ENABLE_OBJC_ARC = YES;
				CLANG_WARN_BOOL_CONVERSION = YES;
				CLANG_WARN_CONSTANT_CONVERSION = YES;
				CLANG_WARN_DIRECT_OBJC_ISA_USAGE = YES_ERROR;
				CLANG_WARN_DOCUMENTATION_COMMENTS = YES;
				CLANG_WARN_EMPTY_BODY = YES;
				CLANG_WARN_ENUM_CONVERSION = YES;
				CLANG_WARN_INFINITE_RECURSION = YES;
				CLANG_WARN_INT_CONVERSION = YES;
				CLANG_WARN_OBJC_ROOT_CLASS = YES_ERROR;
				CLANG_WARN_SUSPICIOUS_MOVE = YES;
				CLANG_WARN_UNREACHABLE_CODE = YES;
				CLANG_WARN__DUPLICATE_METHOD_MATCH = YES;
				"CODE_SIGN_IDENTITY[sdk=iphoneos*]" = "iPhone Developer";
				COPY_PHASE_STRIP = NO;
				DEBUG_INFORMATION_FORMAT = "dwarf-with-dsym";
				ENABLE_NS_ASSERTIONS = NO;
				ENABLE_STRICT_OBJC_MSGSEND = YES;
				GCC_C_LANGUAGE_STANDARD = gnu99;
				GCC_NO_COMMON_BLOCKS = YES;
				GCC_WARN_64_TO_32_BIT_CONVERSION = YES;
				GCC_WARN_ABOUT_RETURN_TYPE = YES_ERROR;
				GCC_WARN_UNDECLARED_SELECTOR = YES;
				GCC_WARN_UNINITIALIZED_AUTOS = YES_AGGRESSIVE;
				GCC_WARN_UNUSED_FUNCTION = YES;
				GCC_WARN_UNUSED_VARIABLE = YES;
				IPHONEOS_DEPLOYMENT_TARGET = 10.2;
				MTL_ENABLE_DEBUG_INFO = NO;
				SDKROOT = iphoneos;
				SWIFT_OPTIMIZATION_LEVEL = "-Owholemodule";
				TARGETED_DEVICE_FAMILY = "1,2";
				VALIDATE_PRODUCT = YES;
			};
			name = Release;
		};
		CD4BF92B1EAFC37B0054E940 /* Debug */ = {
			isa = XCBuildConfiguration;
			buildSettings = {
				ASSETCATALOG_COMPILER_APPICON_NAME = AppIcon;
				INFOPLIST_FILE = YouLift/Info.plist;
				LD_RUNPATH_SEARCH_PATHS = "$(inherited) @executable_path/Frameworks";
				PRODUCT_BUNDLE_IDENTIFIER = com.rbuzby.YouLift;
				PRODUCT_NAME = "$(TARGET_NAME)";
				SWIFT_VERSION = 3.0;
			};
			name = Debug;
		};
		CD4BF92C1EAFC37B0054E940 /* Release */ = {
			isa = XCBuildConfiguration;
			buildSettings = {
				ASSETCATALOG_COMPILER_APPICON_NAME = AppIcon;
				INFOPLIST_FILE = YouLift/Info.plist;
				LD_RUNPATH_SEARCH_PATHS = "$(inherited) @executable_path/Frameworks";
				PRODUCT_BUNDLE_IDENTIFIER = com.rbuzby.YouLift;
				PRODUCT_NAME = "$(TARGET_NAME)";
				SWIFT_VERSION = 3.0;
			};
			name = Release;
		};
/* End XCBuildConfiguration section */

/* Begin XCConfigurationList section */
		CD4BF9131EAFC37B0054E940 /* Build configuration list for PBXProject "YouLift" */ = {
			isa = XCConfigurationList;
			buildConfigurations = (
				CD4BF9281EAFC37B0054E940 /* Debug */,
				CD4BF9291EAFC37B0054E940 /* Release */,
			);
			defaultConfigurationIsVisible = 0;
			defaultConfigurationName = Release;
		};
		CD4BF92A1EAFC37B0054E940 /* Build configuration list for PBXNativeTarget "YouLift" */ = {
			isa = XCConfigurationList;
			buildConfigurations = (
				CD4BF92B1EAFC37B0054E940 /* Debug */,
				CD4BF92C1EAFC37B0054E940 /* Release */,
			);
			defaultConfigurationIsVisible = 0;
		};
/* End XCConfigurationList section */
	};
	rootObject = CD4BF9101EAFC37B0054E940 /* Project object */;
}
