// !$*UTF8*$!
{
	archiveVersion = 1;
	classes = {
	};
	objectVersion = 46;
	objects = {

/* Begin PBXBuildFile section */
		A319F4CB1ED108CB002DAF94 /* defaultWorkouts.swift in Sources */ = {isa = PBXBuildFile; fileRef = A319F4CA1ED108CB002DAF94 /* defaultWorkouts.swift */; };
		A36E6CE41EB96BD5006DF92B /* Protocol.swift in Sources */ = {isa = PBXBuildFile; fileRef = A36E6CE31EB96BD5006DF92B /* Protocol.swift */; };
		A3DF38FB1EC0EA1C00CC528E /* YouLift.xcdatamodeld in Sources */ = {isa = PBXBuildFile; fileRef = A3DF38F91EC0EA1C00CC528E /* YouLift.xcdatamodeld */; };
		A3DF39021EC0EAE200CC528E /* ExerciseEntity+CoreDataClass.swift in Sources */ = {isa = PBXBuildFile; fileRef = A3DF38FC1EC0EAE200CC528E /* ExerciseEntity+CoreDataClass.swift */; };
		A3DF39031EC0EAE200CC528E /* ExerciseEntity+CoreDataProperties.swift in Sources */ = {isa = PBXBuildFile; fileRef = A3DF38FD1EC0EAE200CC528E /* ExerciseEntity+CoreDataProperties.swift */; };
		A3DF39041EC0EAE200CC528E /* CompletedWorkoutEntity+CoreDataClass.swift in Sources */ = {isa = PBXBuildFile; fileRef = A3DF38FE1EC0EAE200CC528E /* CompletedWorkoutEntity+CoreDataClass.swift */; };
		A3DF39051EC0EAE200CC528E /* CompletedWorkoutEntity+CoreDataProperties.swift in Sources */ = {isa = PBXBuildFile; fileRef = A3DF38FF1EC0EAE200CC528E /* CompletedWorkoutEntity+CoreDataProperties.swift */; };
		A3DF39061EC0EAE200CC528E /* WorkoutTemplateEntity+CoreDataClass.swift in Sources */ = {isa = PBXBuildFile; fileRef = A3DF39001EC0EAE200CC528E /* WorkoutTemplateEntity+CoreDataClass.swift */; };
		A3DF39071EC0EAE200CC528E /* WorkoutTemplateEntity+CoreDataProperties.swift in Sources */ = {isa = PBXBuildFile; fileRef = A3DF39011EC0EAE200CC528E /* WorkoutTemplateEntity+CoreDataProperties.swift */; };
		A3DF39091EC0EAF100CC528E /* CoreDataManager.swift in Sources */ = {isa = PBXBuildFile; fileRef = A3DF39081EC0EAF100CC528E /* CoreDataManager.swift */; };
		A3DF390B1EC135EA00CC528E /* StatsViewController.swift in Sources */ = {isa = PBXBuildFile; fileRef = A3DF390A1EC135EA00CC528E /* StatsViewController.swift */; };
		A3DF390D1EC1429400CC528E /* StatsDetailViewController.swift in Sources */ = {isa = PBXBuildFile; fileRef = A3DF390C1EC1429400CC528E /* StatsDetailViewController.swift */; };
		A3DF390F1EC149AF00CC528E /* StatsTableViewCell.swift in Sources */ = {isa = PBXBuildFile; fileRef = A3DF390E1EC149AF00CC528E /* StatsTableViewCell.swift */; };
		A3E6C1EA1EC36077009116FE /* AlertManager.swift in Sources */ = {isa = PBXBuildFile; fileRef = A3E6C1E91EC36077009116FE /* AlertManager.swift */; };
		CD4BF91C1EAFC37B0054E940 /* AppDelegate.swift in Sources */ = {isa = PBXBuildFile; fileRef = CD4BF91B1EAFC37B0054E940 /* AppDelegate.swift */; };
		CD4BF9211EAFC37B0054E940 /* Main.storyboard in Resources */ = {isa = PBXBuildFile; fileRef = CD4BF91F1EAFC37B0054E940 /* Main.storyboard */; };
		CD4BF9231EAFC37B0054E940 /* Assets.xcassets in Resources */ = {isa = PBXBuildFile; fileRef = CD4BF9221EAFC37B0054E940 /* Assets.xcassets */; };
		CD4BF9261EAFC37B0054E940 /* LaunchScreen.storyboard in Resources */ = {isa = PBXBuildFile; fileRef = CD4BF9241EAFC37B0054E940 /* LaunchScreen.storyboard */; };
		CD4BF9341EB02B950054E940 /* Workout.swift in Sources */ = {isa = PBXBuildFile; fileRef = CD4BF9331EB02B950054E940 /* Workout.swift */; };
		CD4BF9361EB02D510054E940 /* Exercise.swift in Sources */ = {isa = PBXBuildFile; fileRef = CD4BF9351EB02D510054E940 /* Exercise.swift */; };
		CD6A4B2C1ED099EA008244BF /* GraphViewController.swift in Sources */ = {isa = PBXBuildFile; fileRef = CD6A4B2B1ED099EA008244BF /* GraphViewController.swift */; };
		CD6A4B2E1ED0ACE2008244BF /* ExerciseStats.swift in Sources */ = {isa = PBXBuildFile; fileRef = CD6A4B2D1ED0ACE2008244BF /* ExerciseStats.swift */; };
		CD6C05901EBA64C800FA9538 /* CreateWorkoutTableViewController.swift in Sources */ = {isa = PBXBuildFile; fileRef = CD6C058F1EBA64C800FA9538 /* CreateWorkoutTableViewController.swift */; };
		CD6C05921EBA653900FA9538 /* CreateWorkoutDetailViewController.swift in Sources */ = {isa = PBXBuildFile; fileRef = CD6C05911EBA653900FA9538 /* CreateWorkoutDetailViewController.swift */; };
		CDC5C4281ECA46FA00AA5F84 /* Charts.framework in Frameworks */ = {isa = PBXBuildFile; fileRef = CDC5C4251ECA46AE00AA5F84 /* Charts.framework */; };
		CDC5C4291ECA46FA00AA5F84 /* Charts.framework in Embed Frameworks */ = {isa = PBXBuildFile; fileRef = CDC5C4251ECA46AE00AA5F84 /* Charts.framework */; settings = {ATTRIBUTES = (CodeSignOnCopy, RemoveHeadersOnCopy, ); }; };
		CDF5B0771EB1041C00750A1F /* WorkoutTableViewCell.swift in Sources */ = {isa = PBXBuildFile; fileRef = CDF5B0761EB1041C00750A1F /* WorkoutTableViewCell.swift */; };
		CDF5B0791EB1058000750A1F /* WorkoutTableViewController.swift in Sources */ = {isa = PBXBuildFile; fileRef = CDF5B0781EB1058000750A1F /* WorkoutTableViewController.swift */; };
		CDF5B07D1EB17B4F00750A1F /* WorkoutDetailViewController.swift in Sources */ = {isa = PBXBuildFile; fileRef = CDF5B07C1EB17B4F00750A1F /* WorkoutDetailViewController.swift */; };
		CDF5B07F1EB18B5400750A1F /* ExerciseTableViewCell.swift in Sources */ = {isa = PBXBuildFile; fileRef = CDF5B07E1EB18B5400750A1F /* ExerciseTableViewCell.swift */; };
		CDF5B0831EB1931500750A1F /* ExerciseDetailViewController.swift in Sources */ = {isa = PBXBuildFile; fileRef = CDF5B0821EB1931500750A1F /* ExerciseDetailViewController.swift */; };
		CDF5B0851EB197EA00750A1F /* SetTableViewCell.swift in Sources */ = {isa = PBXBuildFile; fileRef = CDF5B0841EB197EA00750A1F /* SetTableViewCell.swift */; };
		CDFD6C6D1EC16625000EFF3B /* SelectExerciseTableViewController.swift in Sources */ = {isa = PBXBuildFile; fileRef = CDFD6C6C1EC16625000EFF3B /* SelectExerciseTableViewController.swift */; };
/* End PBXBuildFile section */

/* Begin PBXContainerItemProxy section */
		CDC5C4241ECA46AE00AA5F84 /* PBXContainerItemProxy */ = {
			isa = PBXContainerItemProxy;
			containerPortal = CDC5C41F1ECA46AE00AA5F84 /* Charts.xcodeproj */;
			proxyType = 2;
			remoteGlobalIDString = 06165F241D8110E600722320;
			remoteInfo = Charts;
		};
		CDC5C4261ECA46AE00AA5F84 /* PBXContainerItemProxy */ = {
			isa = PBXContainerItemProxy;
			containerPortal = CDC5C41F1ECA46AE00AA5F84 /* Charts.xcodeproj */;
			proxyType = 2;
			remoteGlobalIDString = 06165F2E1D8110E600722320;
			remoteInfo = ChartsTests;
		};
		CDC5C42A1ECA46FA00AA5F84 /* PBXContainerItemProxy */ = {
			isa = PBXContainerItemProxy;
			containerPortal = CDC5C41F1ECA46AE00AA5F84 /* Charts.xcodeproj */;
			proxyType = 1;
			remoteGlobalIDString = 06165F231D8110E600722320;
			remoteInfo = Charts;
		};
/* End PBXContainerItemProxy section */

/* Begin PBXCopyFilesBuildPhase section */
		CDC5C42C1ECA46FA00AA5F84 /* Embed Frameworks */ = {
			isa = PBXCopyFilesBuildPhase;
			buildActionMask = 2147483647;
			dstPath = "";
			dstSubfolderSpec = 10;
			files = (
				CDC5C4291ECA46FA00AA5F84 /* Charts.framework in Embed Frameworks */,
			);
			name = "Embed Frameworks";
			runOnlyForDeploymentPostprocessing = 0;
		};
/* End PBXCopyFilesBuildPhase section */

/* Begin PBXFileReference section */
		A319F4CA1ED108CB002DAF94 /* defaultWorkouts.swift */ = {isa = PBXFileReference; fileEncoding = 4; lastKnownFileType = sourcecode.swift; path = defaultWorkouts.swift; sourceTree = "<group>"; };
		A36E6CE31EB96BD5006DF92B /* Protocol.swift */ = {isa = PBXFileReference; fileEncoding = 4; lastKnownFileType = sourcecode.swift; path = Protocol.swift; sourceTree = "<group>"; };
		A3DF38FA1EC0EA1C00CC528E /* YouLift.xcdatamodel */ = {isa = PBXFileReference; lastKnownFileType = wrapper.xcdatamodel; path = YouLift.xcdatamodel; sourceTree = "<group>"; };
		A3DF38FC1EC0EAE200CC528E /* ExerciseEntity+CoreDataClass.swift */ = {isa = PBXFileReference; fileEncoding = 4; lastKnownFileType = sourcecode.swift; path = "ExerciseEntity+CoreDataClass.swift"; sourceTree = "<group>"; };
		A3DF38FD1EC0EAE200CC528E /* ExerciseEntity+CoreDataProperties.swift */ = {isa = PBXFileReference; fileEncoding = 4; lastKnownFileType = sourcecode.swift; path = "ExerciseEntity+CoreDataProperties.swift"; sourceTree = "<group>"; };
		A3DF38FE1EC0EAE200CC528E /* CompletedWorkoutEntity+CoreDataClass.swift */ = {isa = PBXFileReference; fileEncoding = 4; lastKnownFileType = sourcecode.swift; path = "CompletedWorkoutEntity+CoreDataClass.swift"; sourceTree = "<group>"; };
		A3DF38FF1EC0EAE200CC528E /* CompletedWorkoutEntity+CoreDataProperties.swift */ = {isa = PBXFileReference; fileEncoding = 4; lastKnownFileType = sourcecode.swift; path = "CompletedWorkoutEntity+CoreDataProperties.swift"; sourceTree = "<group>"; };
		A3DF39001EC0EAE200CC528E /* WorkoutTemplateEntity+CoreDataClass.swift */ = {isa = PBXFileReference; fileEncoding = 4; lastKnownFileType = sourcecode.swift; path = "WorkoutTemplateEntity+CoreDataClass.swift"; sourceTree = "<group>"; };
		A3DF39011EC0EAE200CC528E /* WorkoutTemplateEntity+CoreDataProperties.swift */ = {isa = PBXFileReference; fileEncoding = 4; lastKnownFileType = sourcecode.swift; path = "WorkoutTemplateEntity+CoreDataProperties.swift"; sourceTree = "<group>"; };
		A3DF39081EC0EAF100CC528E /* CoreDataManager.swift */ = {isa = PBXFileReference; fileEncoding = 4; lastKnownFileType = sourcecode.swift; path = CoreDataManager.swift; sourceTree = "<group>"; };
		A3DF390A1EC135EA00CC528E /* StatsViewController.swift */ = {isa = PBXFileReference; fileEncoding = 4; lastKnownFileType = sourcecode.swift; path = StatsViewController.swift; sourceTree = "<group>"; };
		A3DF390C1EC1429400CC528E /* StatsDetailViewController.swift */ = {isa = PBXFileReference; fileEncoding = 4; lastKnownFileType = sourcecode.swift; path = StatsDetailViewController.swift; sourceTree = "<group>"; };
		A3DF390E1EC149AF00CC528E /* StatsTableViewCell.swift */ = {isa = PBXFileReference; fileEncoding = 4; lastKnownFileType = sourcecode.swift; path = StatsTableViewCell.swift; sourceTree = "<group>"; };
		A3E6C1E91EC36077009116FE /* AlertManager.swift */ = {isa = PBXFileReference; fileEncoding = 4; lastKnownFileType = sourcecode.swift; path = AlertManager.swift; sourceTree = "<group>"; };
		CD4BF9181EAFC37B0054E940 /* YouLift.app */ = {isa = PBXFileReference; explicitFileType = wrapper.application; includeInIndex = 0; path = YouLift.app; sourceTree = BUILT_PRODUCTS_DIR; };
		CD4BF91B1EAFC37B0054E940 /* AppDelegate.swift */ = {isa = PBXFileReference; lastKnownFileType = sourcecode.swift; path = AppDelegate.swift; sourceTree = "<group>"; };
		CD4BF9201EAFC37B0054E940 /* Base */ = {isa = PBXFileReference; lastKnownFileType = file.storyboard; name = Base; path = Base.lproj/Main.storyboard; sourceTree = "<group>"; };
		CD4BF9221EAFC37B0054E940 /* Assets.xcassets */ = {isa = PBXFileReference; lastKnownFileType = folder.assetcatalog; path = Assets.xcassets; sourceTree = "<group>"; };
		CD4BF9251EAFC37B0054E940 /* Base */ = {isa = PBXFileReference; lastKnownFileType = file.storyboard; name = Base; path = Base.lproj/LaunchScreen.storyboard; sourceTree = "<group>"; };
		CD4BF9271EAFC37B0054E940 /* Info.plist */ = {isa = PBXFileReference; lastKnownFileType = text.plist.xml; path = Info.plist; sourceTree = "<group>"; };
		CD4BF9331EB02B950054E940 /* Workout.swift */ = {isa = PBXFileReference; fileEncoding = 4; lastKnownFileType = sourcecode.swift; path = Workout.swift; sourceTree = "<group>"; };
		CD4BF9351EB02D510054E940 /* Exercise.swift */ = {isa = PBXFileReference; fileEncoding = 4; lastKnownFileType = sourcecode.swift; path = Exercise.swift; sourceTree = "<group>"; };
		CD6A4B2B1ED099EA008244BF /* GraphViewController.swift */ = {isa = PBXFileReference; fileEncoding = 4; lastKnownFileType = sourcecode.swift; path = GraphViewController.swift; sourceTree = "<group>"; };
		CD6A4B2D1ED0ACE2008244BF /* ExerciseStats.swift */ = {isa = PBXFileReference; fileEncoding = 4; lastKnownFileType = sourcecode.swift; path = ExerciseStats.swift; sourceTree = "<group>"; };
		CD6C058F1EBA64C800FA9538 /* CreateWorkoutTableViewController.swift */ = {isa = PBXFileReference; fileEncoding = 4; lastKnownFileType = sourcecode.swift; name = CreateWorkoutTableViewController.swift; path = ../CreateWorkoutTableViewController.swift; sourceTree = "<group>"; };
		CD6C05911EBA653900FA9538 /* CreateWorkoutDetailViewController.swift */ = {isa = PBXFileReference; fileEncoding = 4; lastKnownFileType = sourcecode.swift; path = CreateWorkoutDetailViewController.swift; sourceTree = "<group>"; };
		CDC5C41F1ECA46AE00AA5F84 /* Charts.xcodeproj */ = {isa = PBXFileReference; lastKnownFileType = "wrapper.pb-project"; name = Charts.xcodeproj; path = "../../Charts-master/Charts.xcodeproj"; sourceTree = "<group>"; };
		CDF5B0761EB1041C00750A1F /* WorkoutTableViewCell.swift */ = {isa = PBXFileReference; fileEncoding = 4; lastKnownFileType = sourcecode.swift; path = WorkoutTableViewCell.swift; sourceTree = "<group>"; };
		CDF5B0781EB1058000750A1F /* WorkoutTableViewController.swift */ = {isa = PBXFileReference; fileEncoding = 4; lastKnownFileType = sourcecode.swift; path = WorkoutTableViewController.swift; sourceTree = "<group>"; };
		CDF5B07C1EB17B4F00750A1F /* WorkoutDetailViewController.swift */ = {isa = PBXFileReference; fileEncoding = 4; lastKnownFileType = sourcecode.swift; path = WorkoutDetailViewController.swift; sourceTree = "<group>"; };
		CDF5B07E1EB18B5400750A1F /* ExerciseTableViewCell.swift */ = {isa = PBXFileReference; fileEncoding = 4; lastKnownFileType = sourcecode.swift; path = ExerciseTableViewCell.swift; sourceTree = "<group>"; };
		CDF5B0821EB1931500750A1F /* ExerciseDetailViewController.swift */ = {isa = PBXFileReference; fileEncoding = 4; lastKnownFileType = sourcecode.swift; path = ExerciseDetailViewController.swift; sourceTree = "<group>"; };
		CDF5B0841EB197EA00750A1F /* SetTableViewCell.swift */ = {isa = PBXFileReference; fileEncoding = 4; lastKnownFileType = sourcecode.swift; path = SetTableViewCell.swift; sourceTree = "<group>"; };
		CDFD6C6C1EC16625000EFF3B /* SelectExerciseTableViewController.swift */ = {isa = PBXFileReference; fileEncoding = 4; lastKnownFileType = sourcecode.swift; path = SelectExerciseTableViewController.swift; sourceTree = "<group>"; };
/* End PBXFileReference section */

/* Begin PBXFrameworksBuildPhase section */
		CD4BF9151EAFC37B0054E940 /* Frameworks */ = {
			isa = PBXFrameworksBuildPhase;
			buildActionMask = 2147483647;
			files = (
				CDC5C4281ECA46FA00AA5F84 /* Charts.framework in Frameworks */,
			);
			runOnlyForDeploymentPostprocessing = 0;
		};
/* End PBXFrameworksBuildPhase section */

/* Begin PBXGroup section */
		A319F4C81ED10656002DAF94 /* Managers */ = {
			isa = PBXGroup;
			children = (
				A3E6C1E91EC36077009116FE /* AlertManager.swift */,
				A3DF39081EC0EAF100CC528E /* CoreDataManager.swift */,
			);
			name = Managers;
			sourceTree = "<group>";
		};
		A319F4C91ED1068A002DAF94 /* Cells */ = {
			isa = PBXGroup;
			children = (
				CDF5B0761EB1041C00750A1F /* WorkoutTableViewCell.swift */,
				CDF5B07E1EB18B5400750A1F /* ExerciseTableViewCell.swift */,
				CDF5B0841EB197EA00750A1F /* SetTableViewCell.swift */,
				A3DF390E1EC149AF00CC528E /* StatsTableViewCell.swift */,
			);
			name = Cells;
			sourceTree = "<group>";
		};
		A3B22DE41ECF5D5A0081FB81 /* Core Data Entities */ = {
			isa = PBXGroup;
			children = (
				A3DF38FC1EC0EAE200CC528E /* ExerciseEntity+CoreDataClass.swift */,
				A3DF38FD1EC0EAE200CC528E /* ExerciseEntity+CoreDataProperties.swift */,
				A3DF38FE1EC0EAE200CC528E /* CompletedWorkoutEntity+CoreDataClass.swift */,
				A3DF38FF1EC0EAE200CC528E /* CompletedWorkoutEntity+CoreDataProperties.swift */,
				A3DF39001EC0EAE200CC528E /* WorkoutTemplateEntity+CoreDataClass.swift */,
				A3DF39011EC0EAE200CC528E /* WorkoutTemplateEntity+CoreDataProperties.swift */,
				A3DF38F91EC0EA1C00CC528E /* YouLift.xcdatamodeld */,
			);
			name = "Core Data Entities";
			sourceTree = "<group>";
		};
		A3B22DE51ECF5D7D0081FB81 /* Stats */ = {
			isa = PBXGroup;
			children = (
				A3DF390A1EC135EA00CC528E /* StatsViewController.swift */,
				A3DF390C1EC1429400CC528E /* StatsDetailViewController.swift */,
				CD6A4B2B1ED099EA008244BF /* GraphViewController.swift */,
			);
			name = Stats;
			sourceTree = "<group>";
		};
		A3B22DE61ECF5DD10081FB81 /* Workout VCs */ = {
			isa = PBXGroup;
			children = (
				CDF5B0781EB1058000750A1F /* WorkoutTableViewController.swift */,
				CDF5B07C1EB17B4F00750A1F /* WorkoutDetailViewController.swift */,
				CD6C058F1EBA64C800FA9538 /* CreateWorkoutTableViewController.swift */,
			);
			name = "Workout VCs";
			sourceTree = "<group>";
		};
		A3B22DE91ECF5E740081FB81 /* Exercise VCs */ = {
			isa = PBXGroup;
			children = (
				CDF5B0821EB1931500750A1F /* ExerciseDetailViewController.swift */,
				CD6C05911EBA653900FA9538 /* CreateWorkoutDetailViewController.swift */,
				CDFD6C6C1EC16625000EFF3B /* SelectExerciseTableViewController.swift */,
			);
			name = "Exercise VCs";
			sourceTree = "<group>";
		};
		A3B22DEA1ECF7B990081FB81 /* Objects */ = {
			isa = PBXGroup;
			children = (
				CD4BF9331EB02B950054E940 /* Workout.swift */,
				CD4BF9351EB02D510054E940 /* Exercise.swift */,
				CD6A4B2D1ED0ACE2008244BF /* ExerciseStats.swift */,
				A319F4CA1ED108CB002DAF94 /* defaultWorkouts.swift */,
			);
			name = Objects;
			sourceTree = "<group>";
		};
		CD4BF90F1EAFC37B0054E940 = {
			isa = PBXGroup;
			children = (
				CD4BF91A1EAFC37B0054E940 /* YouLift */,
				CD4BF9191EAFC37B0054E940 /* Products */,
			);
			sourceTree = "<group>";
		};
		CD4BF9191EAFC37B0054E940 /* Products */ = {
			isa = PBXGroup;
			children = (
				CD4BF9181EAFC37B0054E940 /* YouLift.app */,
			);
			name = Products;
			sourceTree = "<group>";
		};
		CD4BF91A1EAFC37B0054E940 /* YouLift */ = {
			isa = PBXGroup;
			children = (
				A3B22DEA1ECF7B990081FB81 /* Objects */,
				A3B22DE41ECF5D5A0081FB81 /* Core Data Entities */,
				A319F4C81ED10656002DAF94 /* Managers */,
				A319F4C91ED1068A002DAF94 /* Cells */,
				A3B22DE51ECF5D7D0081FB81 /* Stats */,
				A3B22DE61ECF5DD10081FB81 /* Workout VCs */,
				A3B22DE91ECF5E740081FB81 /* Exercise VCs */,
				CDF5B0751EB1030B00750A1F /* Supporting Files */,
				CD4BF91F1EAFC37B0054E940 /* Main.storyboard */,
			);
			path = YouLift;
			sourceTree = "<group>";
		};
		CDC5C4201ECA46AE00AA5F84 /* Products */ = {
			isa = PBXGroup;
			children = (
				CDC5C4251ECA46AE00AA5F84 /* Charts.framework */,
				CDC5C4271ECA46AE00AA5F84 /* ChartsTests.xctest */,
			);
			name = Products;
			sourceTree = "<group>";
		};
		CDF5B0751EB1030B00750A1F /* Supporting Files */ = {
			isa = PBXGroup;
			children = (
				CDC5C41F1ECA46AE00AA5F84 /* Charts.xcodeproj */,
				A36E6CE31EB96BD5006DF92B /* Protocol.swift */,
				CD4BF91B1EAFC37B0054E940 /* AppDelegate.swift */,
				CD4BF9221EAFC37B0054E940 /* Assets.xcassets */,
				CD4BF9241EAFC37B0054E940 /* LaunchScreen.storyboard */,
				CD4BF9271EAFC37B0054E940 /* Info.plist */,
			);
			name = "Supporting Files";
			sourceTree = "<group>";
		};
/* End PBXGroup section */

/* Begin PBXNativeTarget section */
		CD4BF9171EAFC37B0054E940 /* YouLift */ = {
			isa = PBXNativeTarget;
			buildConfigurationList = CD4BF92A1EAFC37B0054E940 /* Build configuration list for PBXNativeTarget "YouLift" */;
			buildPhases = (
				CD4BF9141EAFC37B0054E940 /* Sources */,
				CD4BF9151EAFC37B0054E940 /* Frameworks */,
				CD4BF9161EAFC37B0054E940 /* Resources */,
				CDC5C42C1ECA46FA00AA5F84 /* Embed Frameworks */,
			);
			buildRules = (
			);
			dependencies = (
				CDC5C42B1ECA46FA00AA5F84 /* PBXTargetDependency */,
			);
			name = YouLift;
			productName = YouLift;
			productReference = CD4BF9181EAFC37B0054E940 /* YouLift.app */;
			productType = "com.apple.product-type.application";
		};
/* End PBXNativeTarget section */

/* Begin PBXProject section */
		CD4BF9101EAFC37B0054E940 /* Project object */ = {
			isa = PBXProject;
			attributes = {
				LastSwiftUpdateCheck = 0820;
				LastUpgradeCheck = 0820;
				ORGANIZATIONNAME = rbuzby;
				TargetAttributes = {
					CD4BF9171EAFC37B0054E940 = {
						CreatedOnToolsVersion = 8.2.1;
						DevelopmentTeam = GZKAVW5JF6;
						LastSwiftMigration = 0820;
						ProvisioningStyle = Automatic;
					};
				};
			};
			buildConfigurationList = CD4BF9131EAFC37B0054E940 /* Build configuration list for PBXProject "YouLift" */;
			compatibilityVersion = "Xcode 3.2";
			developmentRegion = English;
			hasScannedForEncodings = 0;
			knownRegions = (
				en,
				Base,
			);
			mainGroup = CD4BF90F1EAFC37B0054E940;
			productRefGroup = CD4BF9191EAFC37B0054E940 /* Products */;
			projectDirPath = "";
			projectReferences = (
				{
					ProductGroup = CDC5C4201ECA46AE00AA5F84 /* Products */;
					ProjectRef = CDC5C41F1ECA46AE00AA5F84 /* Charts.xcodeproj */;
				},
			);
			projectRoot = "";
			targets = (
				CD4BF9171EAFC37B0054E940 /* YouLift */,
			);
		};
/* End PBXProject section */

/* Begin PBXReferenceProxy section */
		CDC5C4251ECA46AE00AA5F84 /* Charts.framework */ = {
			isa = PBXReferenceProxy;
			fileType = wrapper.framework;
			path = Charts.framework;
			remoteRef = CDC5C4241ECA46AE00AA5F84 /* PBXContainerItemProxy */;
			sourceTree = BUILT_PRODUCTS_DIR;
		};
		CDC5C4271ECA46AE00AA5F84 /* ChartsTests.xctest */ = {
			isa = PBXReferenceProxy;
			fileType = wrapper.cfbundle;
			path = ChartsTests.xctest;
			remoteRef = CDC5C4261ECA46AE00AA5F84 /* PBXContainerItemProxy */;
			sourceTree = BUILT_PRODUCTS_DIR;
		};
/* End PBXReferenceProxy section */

/* Begin PBXResourcesBuildPhase section */
		CD4BF9161EAFC37B0054E940 /* Resources */ = {
			isa = PBXResourcesBuildPhase;
			buildActionMask = 2147483647;
			files = (
				CD4BF9261EAFC37B0054E940 /* LaunchScreen.storyboard in Resources */,
				CD4BF9231EAFC37B0054E940 /* Assets.xcassets in Resources */,
				CD4BF9211EAFC37B0054E940 /* Main.storyboard in Resources */,
			);
			runOnlyForDeploymentPostprocessing = 0;
		};
/* End PBXResourcesBuildPhase section */

/* Begin PBXSourcesBuildPhase section */
		CD4BF9141EAFC37B0054E940 /* Sources */ = {
			isa = PBXSourcesBuildPhase;
			buildActionMask = 2147483647;
			files = (
				A3E6C1EA1EC36077009116FE /* AlertManager.swift in Sources */,
				A3DF39021EC0EAE200CC528E /* ExerciseEntity+CoreDataClass.swift in Sources */,
				CDF5B0851EB197EA00750A1F /* SetTableViewCell.swift in Sources */,
				A3DF39041EC0EAE200CC528E /* CompletedWorkoutEntity+CoreDataClass.swift in Sources */,
				A3DF38FB1EC0EA1C00CC528E /* YouLift.xcdatamodeld in Sources */,
				A3DF39071EC0EAE200CC528E /* WorkoutTemplateEntity+CoreDataProperties.swift in Sources */,
				CD4BF9341EB02B950054E940 /* Workout.swift in Sources */,
				A3DF39091EC0EAF100CC528E /* CoreDataManager.swift in Sources */,
				CDF5B0771EB1041C00750A1F /* WorkoutTableViewCell.swift in Sources */,
				CD6C05921EBA653900FA9538 /* CreateWorkoutDetailViewController.swift in Sources */,
				A36E6CE41EB96BD5006DF92B /* Protocol.swift in Sources */,
				CD4BF91C1EAFC37B0054E940 /* AppDelegate.swift in Sources */,
				CD6A4B2E1ED0ACE2008244BF /* ExerciseStats.swift in Sources */,
				A3DF39031EC0EAE200CC528E /* ExerciseEntity+CoreDataProperties.swift in Sources */,
				CDF5B0831EB1931500750A1F /* ExerciseDetailViewController.swift in Sources */,
				CDF5B07D1EB17B4F00750A1F /* WorkoutDetailViewController.swift in Sources */,
				A319F4CB1ED108CB002DAF94 /* defaultWorkouts.swift in Sources */,
				CD6C05901EBA64C800FA9538 /* CreateWorkoutTableViewController.swift in Sources */,
				A3DF390F1EC149AF00CC528E /* StatsTableViewCell.swift in Sources */,
				CDFD6C6D1EC16625000EFF3B /* SelectExerciseTableViewController.swift in Sources */,
				A3DF39061EC0EAE200CC528E /* WorkoutTemplateEntity+CoreDataClass.swift in Sources */,
				A3DF390D1EC1429400CC528E /* StatsDetailViewController.swift in Sources */,
				CD6A4B2C1ED099EA008244BF /* GraphViewController.swift in Sources */,
				A3DF390B1EC135EA00CC528E /* StatsViewController.swift in Sources */,
				CD4BF9361EB02D510054E940 /* Exercise.swift in Sources */,
				CDF5B07F1EB18B5400750A1F /* ExerciseTableViewCell.swift in Sources */,
				A3DF39051EC0EAE200CC528E /* CompletedWorkoutEntity+CoreDataProperties.swift in Sources */,
				CDF5B0791EB1058000750A1F /* WorkoutTableViewController.swift in Sources */,
			);
			runOnlyForDeploymentPostprocessing = 0;
		};
/* End PBXSourcesBuildPhase section */

/* Begin PBXTargetDependency section */
		CDC5C42B1ECA46FA00AA5F84 /* PBXTargetDependency */ = {
			isa = PBXTargetDependency;
			name = Charts;
			targetProxy = CDC5C42A1ECA46FA00AA5F84 /* PBXContainerItemProxy */;
		};
/* End PBXTargetDependency section */

/* Begin PBXVariantGroup section */
		CD4BF91F1EAFC37B0054E940 /* Main.storyboard */ = {
			isa = PBXVariantGroup;
			children = (
				CD4BF9201EAFC37B0054E940 /* Base */,
			);
			name = Main.storyboard;
			sourceTree = "<group>";
		};
		CD4BF9241EAFC37B0054E940 /* LaunchScreen.storyboard */ = {
			isa = PBXVariantGroup;
			children = (
				CD4BF9251EAFC37B0054E940 /* Base */,
			);
			name = LaunchScreen.storyboard;
			sourceTree = "<group>";
		};
/* End PBXVariantGroup section */

/* Begin XCBuildConfiguration section */
		CD4BF9281EAFC37B0054E940 /* Debug */ = {
			isa = XCBuildConfiguration;
			buildSettings = {
				ALWAYS_SEARCH_USER_PATHS = NO;
				CLANG_ANALYZER_NONNULL = YES;
				CLANG_CXX_LANGUAGE_STANDARD = "gnu++0x";
				CLANG_CXX_LIBRARY = "libc++";
				CLANG_ENABLE_MODULES = YES;
				CLANG_ENABLE_OBJC_ARC = YES;
				CLANG_WARN_BOOL_CONVERSION = YES;
				CLANG_WARN_CONSTANT_CONVERSION = YES;
				CLANG_WARN_DIRECT_OBJC_ISA_USAGE = YES_ERROR;
				CLANG_WARN_DOCUMENTATION_COMMENTS = YES;
				CLANG_WARN_EMPTY_BODY = YES;
				CLANG_WARN_ENUM_CONVERSION = YES;
				CLANG_WARN_INFINITE_RECURSION = YES;
				CLANG_WARN_INT_CONVERSION = YES;
				CLANG_WARN_OBJC_ROOT_CLASS = YES_ERROR;
				CLANG_WARN_SUSPICIOUS_MOVE = YES;
				CLANG_WARN_UNREACHABLE_CODE = YES;
				CLANG_WARN__DUPLICATE_METHOD_MATCH = YES;
				"CODE_SIGN_IDENTITY[sdk=iphoneos*]" = "iPhone Developer";
				COPY_PHASE_STRIP = NO;
				DEBUG_INFORMATION_FORMAT = dwarf;
				ENABLE_STRICT_OBJC_MSGSEND = YES;
				ENABLE_TESTABILITY = YES;
				GCC_C_LANGUAGE_STANDARD = gnu99;
				GCC_DYNAMIC_NO_PIC = NO;
				GCC_NO_COMMON_BLOCKS = YES;
				GCC_OPTIMIZATION_LEVEL = 0;
				GCC_PREPROCESSOR_DEFINITIONS = (
					"DEBUG=1",
					"$(inherited)",
				);
				GCC_WARN_64_TO_32_BIT_CONVERSION = YES;
				GCC_WARN_ABOUT_RETURN_TYPE = YES_ERROR;
				GCC_WARN_UNDECLARED_SELECTOR = YES;
				GCC_WARN_UNINITIALIZED_AUTOS = YES_AGGRESSIVE;
				GCC_WARN_UNUSED_FUNCTION = YES;
				GCC_WARN_UNUSED_VARIABLE = YES;
				IPHONEOS_DEPLOYMENT_TARGET = 10.2;
				MTL_ENABLE_DEBUG_INFO = YES;
				ONLY_ACTIVE_ARCH = YES;
				SDKROOT = iphoneos;
				SWIFT_ACTIVE_COMPILATION_CONDITIONS = DEBUG;
				SWIFT_OPTIMIZATION_LEVEL = "-Onone";
				TARGETED_DEVICE_FAMILY = "1,2";
			};
			name = Debug;
		};
		CD4BF9291EAFC37B0054E940 /* Release */ = {
			isa = XCBuildConfiguration;
			buildSettings = {
				ALWAYS_SEARCH_USER_PATHS = NO;
				CLANG_ANALYZER_NONNULL = YES;
				CLANG_CXX_LANGUAGE_STANDARD = "gnu++0x";
				CLANG_CXX_LIBRARY = "libc++";
				CLANG_ENABLE_MODULES = YES;
				CLANG_ENABLE_OBJC_ARC = YES;
				CLANG_WARN_BOOL_CONVERSION = YES;
				CLANG_WARN_CONSTANT_CONVERSION = YES;
				CLANG_WARN_DIRECT_OBJC_ISA_USAGE = YES_ERROR;
				CLANG_WARN_DOCUMENTATION_COMMENTS = YES;
				CLANG_WARN_EMPTY_BODY = YES;
				CLANG_WARN_ENUM_CONVERSION = YES;
				CLANG_WARN_INFINITE_RECURSION = YES;
				CLANG_WARN_INT_CONVERSION = YES;
				CLANG_WARN_OBJC_ROOT_CLASS = YES_ERROR;
				CLANG_WARN_SUSPICIOUS_MOVE = YES;
				CLANG_WARN_UNREACHABLE_CODE = YES;
				CLANG_WARN__DUPLICATE_METHOD_MATCH = YES;
				"CODE_SIGN_IDENTITY[sdk=iphoneos*]" = "iPhone Developer";
				COPY_PHASE_STRIP = NO;
				DEBUG_INFORMATION_FORMAT = "dwarf-with-dsym";
				ENABLE_NS_ASSERTIONS = NO;
				ENABLE_STRICT_OBJC_MSGSEND = YES;
				GCC_C_LANGUAGE_STANDARD = gnu99;
				GCC_NO_COMMON_BLOCKS = YES;
				GCC_WARN_64_TO_32_BIT_CONVERSION = YES;
				GCC_WARN_ABOUT_RETURN_TYPE = YES_ERROR;
				GCC_WARN_UNDECLARED_SELECTOR = YES;
				GCC_WARN_UNINITIALIZED_AUTOS = YES_AGGRESSIVE;
				GCC_WARN_UNUSED_FUNCTION = YES;
				GCC_WARN_UNUSED_VARIABLE = YES;
				IPHONEOS_DEPLOYMENT_TARGET = 10.2;
				MTL_ENABLE_DEBUG_INFO = NO;
				SDKROOT = iphoneos;
				SWIFT_OPTIMIZATION_LEVEL = "-Owholemodule";
				TARGETED_DEVICE_FAMILY = "1,2";
				VALIDATE_PRODUCT = YES;
			};
			name = Release;
		};
		CD4BF92B1EAFC37B0054E940 /* Debug */ = {
			isa = XCBuildConfiguration;
			buildSettings = {
				ALWAYS_EMBED_SWIFT_STANDARD_LIBRARIES = YES;
				ASSETCATALOG_COMPILER_APPICON_NAME = AppIcon;
				CLANG_ENABLE_MODULES = YES;
				DEVELOPMENT_TEAM = GZKAVW5JF6;
				INFOPLIST_FILE = YouLift/Info.plist;
				LD_RUNPATH_SEARCH_PATHS = "$(inherited) @executable_path/Frameworks";
				PRODUCT_BUNDLE_IDENTIFIER = com.rbuzby.YouLift;
				PRODUCT_NAME = "$(TARGET_NAME)";
				SWIFT_OPTIMIZATION_LEVEL = "-Onone";
				SWIFT_VERSION = 3.0;
			};
			name = Debug;
		};
		CD4BF92C1EAFC37B0054E940 /* Release */ = {
			isa = XCBuildConfiguration;
			buildSettings = {
				ALWAYS_EMBED_SWIFT_STANDARD_LIBRARIES = YES;
				ASSETCATALOG_COMPILER_APPICON_NAME = AppIcon;
				CLANG_ENABLE_MODULES = YES;
				DEVELOPMENT_TEAM = GZKAVW5JF6;
				INFOPLIST_FILE = YouLift/Info.plist;
				LD_RUNPATH_SEARCH_PATHS = "$(inherited) @executable_path/Frameworks";
				PRODUCT_BUNDLE_IDENTIFIER = com.rbuzby.YouLift;
				PRODUCT_NAME = "$(TARGET_NAME)";
				SWIFT_VERSION = 3.0;
			};
			name = Release;
		};
/* End XCBuildConfiguration section */

/* Begin XCConfigurationList section */
		CD4BF9131EAFC37B0054E940 /* Build configuration list for PBXProject "YouLift" */ = {
			isa = XCConfigurationList;
			buildConfigurations = (
				CD4BF9281EAFC37B0054E940 /* Debug */,
				CD4BF9291EAFC37B0054E940 /* Release */,
			);
			defaultConfigurationIsVisible = 0;
			defaultConfigurationName = Release;
		};
		CD4BF92A1EAFC37B0054E940 /* Build configuration list for PBXNativeTarget "YouLift" */ = {
			isa = XCConfigurationList;
			buildConfigurations = (
				CD4BF92B1EAFC37B0054E940 /* Debug */,
				CD4BF92C1EAFC37B0054E940 /* Release */,
			);
			defaultConfigurationIsVisible = 0;
			defaultConfigurationName = Release;
		};
/* End XCConfigurationList section */

/* Begin XCVersionGroup section */
		A3DF38F91EC0EA1C00CC528E /* YouLift.xcdatamodeld */ = {
			isa = XCVersionGroup;
			children = (
				A3DF38FA1EC0EA1C00CC528E /* YouLift.xcdatamodel */,
			);
			currentVersion = A3DF38FA1EC0EA1C00CC528E /* YouLift.xcdatamodel */;
			path = YouLift.xcdatamodeld;
			sourceTree = "<group>";
			versionGroupType = wrapper.xcdatamodel;
		};
/* End XCVersionGroup section */
	};
	rootObject = CD4BF9101EAFC37B0054E940 /* Project object */;
}
